
Microsoft Visual Studio Solution File, Format Version 12.00
# Visual Studio 15
VisualStudioVersion = 15.0.28307.1022
MinimumVisualStudioVersion = 10.0.40219.1
Project("{FAE04EC0-301F-11D3-BF4B-00C04F79EFBC}") = "DesignPatterns", "DesignPatterns\DesignPatterns.csproj", "{97219169-0898-4C8B-A447-64548D10ECC1}"
EndProject
Global
	GlobalSection(SolutionConfigurationPlatforms) = preSolution
		Debug|Any CPU = Debug|Any CPU
		Release|Any CPU = Release|Any CPU
	EndGlobalSection
	GlobalSection(ProjectConfigurationPlatforms) = postSolution
		{97219169-0898-4C8B-A447-64548D10ECC1}.Debug|Any CPU.ActiveCfg = Debug|Any CPU
		{97219169-0898-4C8B-A447-64548D10ECC1}.Debug|Any CPU.Build.0 = Debug|Any CPU
		{97219169-0898-4C8B-A447-64548D10ECC1}.Release|Any CPU.ActiveCfg = Release|Any CPU
		{97219169-0898-4C8B-A447-64548D10ECC1}.Release|Any CPU.Build.0 = Release|Any CPU
	EndGlobalSection
	GlobalSection(SolutionProperties) = preSolution
		HideSolutionNode = FALSE
	EndGlobalSection
	GlobalSection(ExtensibilityGlobals) = postSolution
		SolutionGuid = {DD2DE2AF-7EEC-44FA-BF69-B11E7FB006E2}
	EndGlobalSection
EndGlobal
